
Microsoft Visual Studio Solution File, Format Version 12.00
# Visual Studio Version 17
VisualStudioVersion = 17.9.34728.123
MinimumVisualStudioVersion = 10.0.40219.1
Project("{FAE04EC0-301F-11D3-BF4B-00C04F79EFBC}") = "ApiCoreExamenPersonajesSeries", "ApiCoreExamenPersonajesSeries\ApiCoreExamenPersonajesSeries.csproj", "{CBB6C0B2-1679-47B4-8835-3E83E38A1739}"
EndProject
Global
	GlobalSection(SolutionConfigurationPlatforms) = preSolution
		Debug|Any CPU = Debug|Any CPU
		Release|Any CPU = Release|Any CPU
	EndGlobalSection
	GlobalSection(ProjectConfigurationPlatforms) = postSolution
		{CBB6C0B2-1679-47B4-8835-3E83E38A1739}.Debug|Any CPU.ActiveCfg = Debug|Any CPU
		{CBB6C0B2-1679-47B4-8835-3E83E38A1739}.Debug|Any CPU.Build.0 = Debug|Any CPU
		{CBB6C0B2-1679-47B4-8835-3E83E38A1739}.Release|Any CPU.ActiveCfg = Release|Any CPU
		{CBB6C0B2-1679-47B4-8835-3E83E38A1739}.Release|Any CPU.Build.0 = Release|Any CPU
	EndGlobalSection
	GlobalSection(SolutionProperties) = preSolution
		HideSolutionNode = FALSE
	EndGlobalSection
	GlobalSection(ExtensibilityGlobals) = postSolution
		SolutionGuid = {569497D5-7772-4DA6-B5F4-10C8C60B0194}
	EndGlobalSection
EndGlobal
